{
  "name": "navbar",
  "version": "1.0.0",
  "lockfileVersion": 1,
  "requires": true,
  "dependencies": {
    "@heymarco/card": {
      "version": "1.0.3",
      "resolved": "https://registry.npmjs.org/@heymarco/card/-/card-1.0.3.tgz",
      "integrity": "sha512-VKGZjKIZQAGhHpdCbpva4Ra1EywW2mM1L33JQiiX2/aNVa3I+ei022y+8UkXAb2REk/uFH2dQzRRFKR7eQ84SQ==",
      "requires": {
        "@heymarco/colors": "^1.0.7",
        "@heymarco/container": "^1.0.10",
        "@heymarco/media-breakpoints": "^1.0.4",
        "@heymarco/spacer": "^1.0.1",
        "@heymarco/typography": "^1.0.5"
      }
    },
    "@heymarco/colors": {
      "version": "1.0.7",
      "resolved": "https://registry.npmjs.org/@heymarco/colors/-/colors-1.0.7.tgz",
      "integrity": "sha512-/SGaA/00TAZzISGukcNvp4c11hpUpbQUJSJSy5tq5Ps4uLzw6vWAk3+kobeGZt7FgX8ZCmsfTOREcS1s0keC5Q==",
      "requires": {
        "bootstrap": "^4.5.3"
      }
    },
    "@heymarco/container": {
      "version": "1.0.10",
      "resolved": "https://registry.npmjs.org/@heymarco/container/-/container-1.0.10.tgz",
      "integrity": "sha512-vHb9X5oyzDzXrKGYGlEVmYltxwG1cBN0t4a9F0Tvl96a3joPkgwEtpAmvxrgSpgLxUCGcS+/rkmP1uIaO0EAag==",
      "requires": {
        "@heymarco/media-breakpoints": "^1.0.4",
        "@heymarco/scss-utils": "^1.0.3"
      }
    },
    "@heymarco/control": {
      "version": "1.0.4",
      "resolved": "https://registry.npmjs.org/@heymarco/control/-/control-1.0.4.tgz",
      "integrity": "sha512-CP6o8gQSbABSfLfG6XOeL3C3vNU3ElNI8Bv0Wy//FQ6w9KeyB+ibpH/Eyjux6dBaoI2cM9WNBfehkdgCmnU6QA==",
      "requires": {
        "@heymarco/element": "^1.0.3"
      }
    },
    "@heymarco/element": {
      "version": "1.0.3",
      "resolved": "https://registry.npmjs.org/@heymarco/element/-/element-1.0.3.tgz",
      "integrity": "sha512-HevNhSHho4H4HL6igRTEJ2LIg2vYexBt6QcK3vogqAW9McMaKZeyl4CmYAH4Q+gN/5ipNlVP3KZyXV80y+cmMg==",
      "requires": {
        "jquery-wrapper-class": "^1.0.12"
      }
    },
    "@heymarco/media-breakpoints": {
      "version": "1.0.4",
      "resolved": "https://registry.npmjs.org/@heymarco/media-breakpoints/-/media-breakpoints-1.0.4.tgz",
      "integrity": "sha512-HXA7WFzANAU+iTnZUgSBRmSrPeq3DmJaTt97ruPMN8hIPQkujtUfdyHv7BkempKB7TPevUxMNVYDywTI6FEvUg==",
      "requires": {
        "bootstrap": "^4.5.3"
      }
    },
    "@heymarco/modal": {
      "version": "1.0.4",
      "resolved": "https://registry.npmjs.org/@heymarco/modal/-/modal-1.0.4.tgz",
      "integrity": "sha512-MZ2u0KH2tI81I5bEuQ2DgJL2z9N6pc/q4K549UOlOlYnTTyI9DyBdjr02lUVO9dyWuBGCb1BXZ6q6JKRm30Amg==",
      "requires": {
        "@heymarco/card": "^1.0.3",
        "@heymarco/colors": "^1.0.7",
        "@heymarco/container": "^1.0.10",
        "@heymarco/element": "^1.0.3",
        "@heymarco/scss-utils": "^1.0.3"
      }
    },
    "@heymarco/scss-utils": {
      "version": "1.0.3",
      "resolved": "https://registry.npmjs.org/@heymarco/scss-utils/-/scss-utils-1.0.3.tgz",
      "integrity": "sha512-V0h5PJbxRoTNC/wm+2iXagmOI9zoz3pvj/mXyWKhcNk1vH0fjobOpQx8NrTvdUMBsV/DusfckTcYZrvFK0TbQw=="
    },
    "@heymarco/spacer": {
      "version": "1.0.1",
      "resolved": "https://registry.npmjs.org/@heymarco/spacer/-/spacer-1.0.1.tgz",
      "integrity": "sha512-OAsxJeC+uyGqCqvJldZp/jBiRPSAR8ljGhyjMBl61wN7w615EfcLNqnA5ZZU/tyBtAXpPyFM5uIdb5a0HtMC/g=="
    },
    "@heymarco/strip-out": {
      "version": "1.0.0",
      "resolved": "https://registry.npmjs.org/@heymarco/strip-out/-/strip-out-1.0.0.tgz",
      "integrity": "sha512-R/6yXMqfuUnF4lUinwygt+KMc5pVpUdl26jwEgQsfHfBvcICpO4Q6h9tgudPefSaJBsA1S7fBwnT6EtTlxKTog=="
    },
    "@heymarco/typography": {
      "version": "1.0.5",
      "resolved": "https://registry.npmjs.org/@heymarco/typography/-/typography-1.0.5.tgz",
      "integrity": "sha512-AGRpqPUmY5cJ9EhMuNMHziekiHFrIH8VTNo3sgmQuZ/8FFxyBtoxA7reNlxhaDdchHvX/YTC9Dv3nfNXgAYw1w==",
      "requires": {
        "@heymarco/colors": "^1.0.7",
        "@heymarco/scss-utils": "^1.0.3",
        "@heymarco/spacer": "^1.0.1"
      }
    },
    "@types/jquery": {
      "version": "3.5.5",
      "resolved": "https://registry.npmjs.org/@types/jquery/-/jquery-3.5.5.tgz",
      "integrity": "sha512-6RXU9Xzpc6vxNrS6FPPapN1SxSHgQ336WC6Jj/N8q30OiaBZ00l1GBgeP7usjVZPivSkGUfL1z/WW6TX989M+w==",
      "requires": {
        "@types/sizzle": "*"
      }
    },
    "@types/sizzle": {
      "version": "2.3.2",
      "resolved": "https://registry.npmjs.org/@types/sizzle/-/sizzle-2.3.2.tgz",
      "integrity": "sha512-7EJYyKTL7tFR8+gDbB6Wwz/arpGa0Mywk1TJbNzKzHtzbwVmY4HR9WqS5VV7dsBUKQmPNr192jHr/VpBluj/hg=="
    },
    "bootstrap": {
      "version": "4.5.3",
      "resolved": "https://registry.npmjs.org/bootstrap/-/bootstrap-4.5.3.tgz",
      "integrity": "sha512-o9ppKQioXGqhw8Z7mah6KdTYpNQY//tipnkxppWhPbiSWdD+1raYsnhwEZjkTHYbGee4cVQ0Rx65EhOY/HNLcQ=="
    },
    "jquery": {
      "version": "3.5.1",
      "resolved": "https://registry.npmjs.org/jquery/-/jquery-3.5.1.tgz",
      "integrity": "sha512-XwIBPqcMn57FxfT+Go5pzySnm4KWkT1Tv7gjrpT1srtf8Weynl6R273VJ5GjkRb51IzMp5nbaPjJXMWeju2MKg=="
    },
    "jquery-wrapper-class": {
      "version": "1.0.12",
      "resolved": "https://registry.npmjs.org/jquery-wrapper-class/-/jquery-wrapper-class-1.0.12.tgz",
      "integrity": "sha512-VdUcNq8InHXVvc6xLdl9QC01kfjbyiVquqisBOF5RLecHCeOdq5MYvXzAdU4BzKs6fQOS+zCuw9gqJZyQwK7QA==",
      "requires": {
        "@types/jquery": "^3.5.4",
        "jquery": "^3.5.1"
      }
    }
  }
}
