{
  "name": "@heymarco/navbar",
  "version": "1.0.1",
  "lockfileVersion": 1,
  "requires": true,
  "dependencies": {
    "@heymarco/border": {
      "version": "1.0.0",
      "resolved": "https://registry.npmjs.org/@heymarco/border/-/border-1.0.0.tgz",
      "integrity": "sha512-qzds33/btKSV9AMKcwhch/FYjvoTpVnUZOEaBi7D3hYkfKd7/4PGKxxXL4yF7uZygqcOyR2NVjzWvflTU9W2ug==",
      "requires": {
        "@heymarco/colors": "^1.0.8"
      }
    },
    "@heymarco/colors": {
      "version": "1.0.8",
      "resolved": "https://registry.npmjs.org/@heymarco/colors/-/colors-1.0.8.tgz",
      "integrity": "sha512-uh+kt5JPaDGmUbcEjtNagmJITAV+cN6HjxzP/OfxhPy/gkYsf7ZwNFns0KQthxcQ0jBBmkE3p+0vTixnbG4lFg==",
      "requires": {
        "bootstrap": "^4.5.3"
      }
    },
    "@heymarco/container": {
      "version": "1.0.10",
      "resolved": "https://registry.npmjs.org/@heymarco/container/-/container-1.0.10.tgz",
      "integrity": "sha512-vHb9X5oyzDzXrKGYGlEVmYltxwG1cBN0t4a9F0Tvl96a3joPkgwEtpAmvxrgSpgLxUCGcS+/rkmP1uIaO0EAag==",
      "requires": {
        "@heymarco/media-breakpoints": "^1.0.4",
        "@heymarco/scss-utils": "^1.0.3"
      }
    },
    "@heymarco/control": {
      "version": "1.0.5",
      "resolved": "https://registry.npmjs.org/@heymarco/control/-/control-1.0.5.tgz",
      "integrity": "sha512-CKpCQ5Y2z1Cs6G7eHG4uvU0pDXhFWPMn7kmsx9Bqp0i61XgRbWOalza3ihRiuBHWLR3eIQvUIi72n7uqwFcPWg==",
      "requires": {
        "@heymarco/element": "^1.0.4"
      }
    },
    "@heymarco/element": {
      "version": "1.0.4",
      "resolved": "https://registry.npmjs.org/@heymarco/element/-/element-1.0.4.tgz",
      "integrity": "sha512-jPDnwBRFuZ81q5NOF/OFkD5EC5hpM94kKi9R8EfvK296aL1ErbvkRQ9LL1mj1469jBxKVpscxSlDYR1u9Tb0cw==",
      "requires": {
        "jquery-wrapper-class": "^1.0.13"
      }
    },
    "@heymarco/element-config": {
      "version": "1.0.3",
      "resolved": "https://registry.npmjs.org/@heymarco/element-config/-/element-config-1.0.3.tgz",
      "integrity": "sha512-bTT6jLOPmL37/fOcIusL1XANhB8F9RvmDzBx4j8nahZzHtmevZlxIkt58IajNAzWPjdYeLWAh5+vV2zTorKrtw=="
    },
    "@heymarco/media-breakpoints": {
      "version": "1.0.4",
      "resolved": "https://registry.npmjs.org/@heymarco/media-breakpoints/-/media-breakpoints-1.0.4.tgz",
      "integrity": "sha512-HXA7WFzANAU+iTnZUgSBRmSrPeq3DmJaTt97ruPMN8hIPQkujtUfdyHv7BkempKB7TPevUxMNVYDywTI6FEvUg==",
      "requires": {
        "bootstrap": "^4.5.3"
      }
    },
    "@heymarco/scss-utils": {
      "version": "1.0.3",
      "resolved": "https://registry.npmjs.org/@heymarco/scss-utils/-/scss-utils-1.0.3.tgz",
      "integrity": "sha512-V0h5PJbxRoTNC/wm+2iXagmOI9zoz3pvj/mXyWKhcNk1vH0fjobOpQx8NrTvdUMBsV/DusfckTcYZrvFK0TbQw=="
    },
    "@heymarco/spacer": {
      "version": "1.0.2",
      "resolved": "https://registry.npmjs.org/@heymarco/spacer/-/spacer-1.0.2.tgz",
      "integrity": "sha512-vzkzPWceS76O+yL3iPB5G+gB2NovGGwTN5CPJFeATrJztYjDhhAWUUIFqLF4yILTgtaLoY8NWXuzhEejT8o9TQ=="
    },
    "@heymarco/strip-out": {
      "version": "1.0.0",
      "resolved": "https://registry.npmjs.org/@heymarco/strip-out/-/strip-out-1.0.0.tgz",
      "integrity": "sha512-R/6yXMqfuUnF4lUinwygt+KMc5pVpUdl26jwEgQsfHfBvcICpO4Q6h9tgudPefSaJBsA1S7fBwnT6EtTlxKTog=="
    },
    "@heymarco/typography": {
      "version": "1.0.6",
      "resolved": "https://registry.npmjs.org/@heymarco/typography/-/typography-1.0.6.tgz",
      "integrity": "sha512-6mi4dZ0GT4cejaZGwEFYi5mheygpUqpKfyi6VHNOq1OT4KCMvTiTIX4hf8JWIC6+0WToMMbe7db8ph03g5ZI/A==",
      "requires": {
        "@heymarco/colors": "^1.0.8",
        "@heymarco/scss-utils": "^1.0.3",
        "@heymarco/spacer": "^1.0.2"
      }
    },
    "@types/jquery": {
      "version": "3.5.5",
      "resolved": "https://registry.npmjs.org/@types/jquery/-/jquery-3.5.5.tgz",
      "integrity": "sha512-6RXU9Xzpc6vxNrS6FPPapN1SxSHgQ336WC6Jj/N8q30OiaBZ00l1GBgeP7usjVZPivSkGUfL1z/WW6TX989M+w==",
      "requires": {
        "@types/sizzle": "*"
      }
    },
    "@types/sizzle": {
      "version": "2.3.2",
      "resolved": "https://registry.npmjs.org/@types/sizzle/-/sizzle-2.3.2.tgz",
      "integrity": "sha512-7EJYyKTL7tFR8+gDbB6Wwz/arpGa0Mywk1TJbNzKzHtzbwVmY4HR9WqS5VV7dsBUKQmPNr192jHr/VpBluj/hg=="
    },
    "bootstrap": {
      "version": "4.5.3",
      "resolved": "https://registry.npmjs.org/bootstrap/-/bootstrap-4.5.3.tgz",
      "integrity": "sha512-o9ppKQioXGqhw8Z7mah6KdTYpNQY//tipnkxppWhPbiSWdD+1raYsnhwEZjkTHYbGee4cVQ0Rx65EhOY/HNLcQ=="
    },
    "jquery": {
      "version": "3.5.1",
      "resolved": "https://registry.npmjs.org/jquery/-/jquery-3.5.1.tgz",
      "integrity": "sha512-XwIBPqcMn57FxfT+Go5pzySnm4KWkT1Tv7gjrpT1srtf8Weynl6R273VJ5GjkRb51IzMp5nbaPjJXMWeju2MKg=="
    },
    "jquery-wrapper-class": {
      "version": "1.0.13",
      "resolved": "https://registry.npmjs.org/jquery-wrapper-class/-/jquery-wrapper-class-1.0.13.tgz",
      "integrity": "sha512-n7hYlK+f5wLumrhG/ECEvKvMRtAH6Q8NuLCagNRpm0IQaQIg6ezAmSE6q4Byqk3K+ww+TvsfzWFetdheF5moNA==",
      "requires": {
        "@types/jquery": "^3.5.4",
        "jquery": "^3.5.1"
      }
    }
  }
}
